// !$*UTF8*$!
{
	archiveVersion = 1;
	classes = {
	};
	objectVersion = 50;
	objects = {

/* Begin PBXBuildFile section */
		85FBFC442673EEDD00FF5216 /* BLETest WatchKit App.app in Embed Watch Content */ = {isa = PBXBuildFile; fileRef = 85FBFC432673EEDD00FF5216 /* BLETest WatchKit App.app */; settings = {ATTRIBUTES = (RemoveHeadersOnCopy, ); }; };
		85FBFC492673EEDF00FF5216 /* Assets.xcassets in Resources */ = {isa = PBXBuildFile; fileRef = 85FBFC482673EEDF00FF5216 /* Assets.xcassets */; };
		85FBFC502673EEE000FF5216 /* BLETest WatchKit Extension.appex in Embed App Extensions */ = {isa = PBXBuildFile; fileRef = 85FBFC4F2673EEE000FF5216 /* BLETest WatchKit Extension.appex */; settings = {ATTRIBUTES = (RemoveHeadersOnCopy, ); }; };
		85FBFC552673EEE000FF5216 /* ContentView.swift in Sources */ = {isa = PBXBuildFile; fileRef = 85FBFC542673EEE000FF5216 /* ContentView.swift */; };
		85FBFC572673EEE000FF5216 /* BLETestApp.swift in Sources */ = {isa = PBXBuildFile; fileRef = 85FBFC562673EEE000FF5216 /* BLETestApp.swift */; };
		85FBFC592673EEE000FF5216 /* ComplicationController.swift in Sources */ = {isa = PBXBuildFile; fileRef = 85FBFC582673EEE000FF5216 /* ComplicationController.swift */; };
		85FBFC5B2673EEE100FF5216 /* Assets.xcassets in Resources */ = {isa = PBXBuildFile; fileRef = 85FBFC5A2673EEE100FF5216 /* Assets.xcassets */; };
		85FBFC5E2673EEE100FF5216 /* Preview Assets.xcassets in Resources */ = {isa = PBXBuildFile; fileRef = 85FBFC5D2673EEE100FF5216 /* Preview Assets.xcassets */; };
		85FBFC6E2673F07900FF5216 /* BLEClass.swift in Sources */ = {isa = PBXBuildFile; fileRef = 85FBFC6D2673F07900FF5216 /* BLEClass.swift */; };
/* End PBXBuildFile section */

/* Begin PBXContainerItemProxy section */
		85FBFC452673EEDD00FF5216 /* PBXContainerItemProxy */ = {
			isa = PBXContainerItemProxy;
			containerPortal = 85FBFC392673EEDD00FF5216 /* Project object */;
			proxyType = 1;
			remoteGlobalIDString = 85FBFC422673EEDD00FF5216;
			remoteInfo = "BLETest WatchKit App";
		};
		85FBFC512673EEE000FF5216 /* PBXContainerItemProxy */ = {
			isa = PBXContainerItemProxy;
			containerPortal = 85FBFC392673EEDD00FF5216 /* Project object */;
			proxyType = 1;
			remoteGlobalIDString = 85FBFC4E2673EEE000FF5216;
			remoteInfo = "BLETest WatchKit Extension";
		};
/* End PBXContainerItemProxy section */

/* Begin PBXCopyFilesBuildPhase section */
		85FBFC652673EEE100FF5216 /* Embed App Extensions */ = {
			isa = PBXCopyFilesBuildPhase;
			buildActionMask = 2147483647;
			dstPath = "";
			dstSubfolderSpec = 13;
			files = (
				85FBFC502673EEE000FF5216 /* BLETest WatchKit Extension.appex in Embed App Extensions */,
			);
			name = "Embed App Extensions";
			runOnlyForDeploymentPostprocessing = 0;
		};
		85FBFC692673EEE100FF5216 /* Embed Watch Content */ = {
			isa = PBXCopyFilesBuildPhase;
			buildActionMask = 2147483647;
			dstPath = "$(CONTENTS_FOLDER_PATH)/Watch";
			dstSubfolderSpec = 16;
			files = (
				85FBFC442673EEDD00FF5216 /* BLETest WatchKit App.app in Embed Watch Content */,
			);
			name = "Embed Watch Content";
			runOnlyForDeploymentPostprocessing = 0;
		};
/* End PBXCopyFilesBuildPhase section */

/* Begin PBXFileReference section */
		85FBFC3F2673EEDD00FF5216 /* BLETest.app */ = {isa = PBXFileReference; explicitFileType = wrapper.application; includeInIndex = 0; path = BLETest.app; sourceTree = BUILT_PRODUCTS_DIR; };
		85FBFC432673EEDD00FF5216 /* BLETest WatchKit App.app */ = {isa = PBXFileReference; explicitFileType = wrapper.application; includeInIndex = 0; path = "BLETest WatchKit App.app"; sourceTree = BUILT_PRODUCTS_DIR; };
		85FBFC482673EEDF00FF5216 /* Assets.xcassets */ = {isa = PBXFileReference; lastKnownFileType = folder.assetcatalog; path = Assets.xcassets; sourceTree = "<group>"; };
		85FBFC4A2673EEDF00FF5216 /* Info.plist */ = {isa = PBXFileReference; lastKnownFileType = text.plist.xml; path = Info.plist; sourceTree = "<group>"; };
		85FBFC4F2673EEE000FF5216 /* BLETest WatchKit Extension.appex */ = {isa = PBXFileReference; explicitFileType = "wrapper.app-extension"; includeInIndex = 0; path = "BLETest WatchKit Extension.appex"; sourceTree = BUILT_PRODUCTS_DIR; };
		85FBFC542673EEE000FF5216 /* ContentView.swift */ = {isa = PBXFileReference; lastKnownFileType = sourcecode.swift; path = ContentView.swift; sourceTree = "<group>"; };
		85FBFC562673EEE000FF5216 /* BLETestApp.swift */ = {isa = PBXFileReference; lastKnownFileType = sourcecode.swift; path = BLETestApp.swift; sourceTree = "<group>"; };
		85FBFC582673EEE000FF5216 /* ComplicationController.swift */ = {isa = PBXFileReference; lastKnownFileType = sourcecode.swift; path = ComplicationController.swift; sourceTree = "<group>"; };
		85FBFC5A2673EEE100FF5216 /* Assets.xcassets */ = {isa = PBXFileReference; lastKnownFileType = folder.assetcatalog; path = Assets.xcassets; sourceTree = "<group>"; };
		85FBFC5D2673EEE100FF5216 /* Preview Assets.xcassets */ = {isa = PBXFileReference; lastKnownFileType = folder.assetcatalog; path = "Preview Assets.xcassets"; sourceTree = "<group>"; };
		85FBFC5F2673EEE100FF5216 /* Info.plist */ = {isa = PBXFileReference; lastKnownFileType = text.plist.xml; path = Info.plist; sourceTree = "<group>"; };
		85FBFC6D2673F07900FF5216 /* BLEClass.swift */ = {isa = PBXFileReference; lastKnownFileType = sourcecode.swift; path = BLEClass.swift; sourceTree = "<group>"; };
/* End PBXFileReference section */

/* Begin PBXFrameworksBuildPhase section */
		85FBFC4C2673EEE000FF5216 /* Frameworks */ = {
			isa = PBXFrameworksBuildPhase;
			buildActionMask = 2147483647;
			files = (
			);
			runOnlyForDeploymentPostprocessing = 0;
		};
/* End PBXFrameworksBuildPhase section */

/* Begin PBXGroup section */
		85FBFC382673EEDD00FF5216 = {
			isa = PBXGroup;
			children = (
				85FBFC472673EEDD00FF5216 /* BLETest WatchKit App */,
				85FBFC532673EEE000FF5216 /* BLETest WatchKit Extension */,
				85FBFC402673EEDD00FF5216 /* Products */,
			);
			sourceTree = "<group>";
		};
		85FBFC402673EEDD00FF5216 /* Products */ = {
			isa = PBXGroup;
			children = (
				85FBFC3F2673EEDD00FF5216 /* BLETest.app */,
				85FBFC432673EEDD00FF5216 /* BLETest WatchKit App.app */,
				85FBFC4F2673EEE000FF5216 /* BLETest WatchKit Extension.appex */,
			);
			name = Products;
			sourceTree = "<group>";
		};
		85FBFC472673EEDD00FF5216 /* BLETest WatchKit App */ = {
			isa = PBXGroup;
			children = (
				85FBFC482673EEDF00FF5216 /* Assets.xcassets */,
				85FBFC4A2673EEDF00FF5216 /* Info.plist */,
			);
			path = "BLETest WatchKit App";
			sourceTree = "<group>";
		};
		85FBFC532673EEE000FF5216 /* BLETest WatchKit Extension */ = {
			isa = PBXGroup;
			children = (
				85FBFC542673EEE000FF5216 /* ContentView.swift */,
				85FBFC6D2673F07900FF5216 /* BLEClass.swift */,
				85FBFC562673EEE000FF5216 /* BLETestApp.swift */,
				85FBFC582673EEE000FF5216 /* ComplicationController.swift */,
				85FBFC5A2673EEE100FF5216 /* Assets.xcassets */,
				85FBFC5F2673EEE100FF5216 /* Info.plist */,
				85FBFC5C2673EEE100FF5216 /* Preview Content */,
			);
			path = "BLETest WatchKit Extension";
			sourceTree = "<group>";
		};
		85FBFC5C2673EEE100FF5216 /* Preview Content */ = {
			isa = PBXGroup;
			children = (
				85FBFC5D2673EEE100FF5216 /* Preview Assets.xcassets */,
			);
			path = "Preview Content";
			sourceTree = "<group>";
		};
/* End PBXGroup section */

/* Begin PBXNativeTarget section */
		85FBFC3E2673EEDD00FF5216 /* BLETest */ = {
			isa = PBXNativeTarget;
			buildConfigurationList = 85FBFC6A2673EEE100FF5216 /* Build configuration list for PBXNativeTarget "BLETest" */;
			buildPhases = (
				85FBFC3D2673EEDD00FF5216 /* Resources */,
				85FBFC692673EEE100FF5216 /* Embed Watch Content */,
			);
			buildRules = (
			);
			dependencies = (
				85FBFC462673EEDD00FF5216 /* PBXTargetDependency */,
			);
			name = BLETest;
			productName = BLETest;
			productReference = 85FBFC3F2673EEDD00FF5216 /* BLETest.app */;
			productType = "com.apple.product-type.application.watchapp2-container";
		};
		85FBFC422673EEDD00FF5216 /* BLETest WatchKit App */ = {
			isa = PBXNativeTarget;
			buildConfigurationList = 85FBFC662673EEE100FF5216 /* Build configuration list for PBXNativeTarget "BLETest WatchKit App" */;
			buildPhases = (
				85FBFC412673EEDD00FF5216 /* Resources */,
				85FBFC652673EEE100FF5216 /* Embed App Extensions */,
			);
			buildRules = (
			);
			dependencies = (
				85FBFC522673EEE000FF5216 /* PBXTargetDependency */,
			);
			name = "BLETest WatchKit App";
			productName = "BLETest WatchKit App";
			productReference = 85FBFC432673EEDD00FF5216 /* BLETest WatchKit App.app */;
			productType = "com.apple.product-type.application.watchapp2";
		};
		85FBFC4E2673EEE000FF5216 /* BLETest WatchKit Extension */ = {
			isa = PBXNativeTarget;
			buildConfigurationList = 85FBFC622673EEE100FF5216 /* Build configuration list for PBXNativeTarget "BLETest WatchKit Extension" */;
			buildPhases = (
				85FBFC4B2673EEE000FF5216 /* Sources */,
				85FBFC4C2673EEE000FF5216 /* Frameworks */,
				85FBFC4D2673EEE000FF5216 /* Resources */,
			);
			buildRules = (
			);
			dependencies = (
			);
			name = "BLETest WatchKit Extension";
			productName = "BLETest WatchKit Extension";
			productReference = 85FBFC4F2673EEE000FF5216 /* BLETest WatchKit Extension.appex */;
			productType = "com.apple.product-type.watchkit2-extension";
		};
/* End PBXNativeTarget section */

/* Begin PBXProject section */
		85FBFC392673EEDD00FF5216 /* Project object */ = {
			isa = PBXProject;
			attributes = {
				LastSwiftUpdateCheck = 1250;
				LastUpgradeCheck = 1250;
				TargetAttributes = {
					85FBFC3E2673EEDD00FF5216 = {
						CreatedOnToolsVersion = 12.5;
					};
					85FBFC422673EEDD00FF5216 = {
						CreatedOnToolsVersion = 12.5;
					};
					85FBFC4E2673EEE000FF5216 = {
						CreatedOnToolsVersion = 12.5;
					};
				};
			};
			buildConfigurationList = 85FBFC3C2673EEDD00FF5216 /* Build configuration list for PBXProject "BLETest" */;
			compatibilityVersion = "Xcode 9.3";
			developmentRegion = en;
			hasScannedForEncodings = 0;
			knownRegions = (
				en,
				Base,
			);
			mainGroup = 85FBFC382673EEDD00FF5216;
			productRefGroup = 85FBFC402673EEDD00FF5216 /* Products */;
			projectDirPath = "";
			projectRoot = "";
			targets = (
				85FBFC3E2673EEDD00FF5216 /* BLETest */,
				85FBFC422673EEDD00FF5216 /* BLETest WatchKit App */,
				85FBFC4E2673EEE000FF5216 /* BLETest WatchKit Extension */,
			);
		};
/* End PBXProject section */

/* Begin PBXResourcesBuildPhase section */
		85FBFC3D2673EEDD00FF5216 /* Resources */ = {
			isa = PBXResourcesBuildPhase;
			buildActionMask = 2147483647;
			files = (
			);
			runOnlyForDeploymentPostprocessing = 0;
		};
		85FBFC412673EEDD00FF5216 /* Resources */ = {
			isa = PBXResourcesBuildPhase;
			buildActionMask = 2147483647;
			files = (
				85FBFC492673EEDF00FF5216 /* Assets.xcassets in Resources */,
			);
			runOnlyForDeploymentPostprocessing = 0;
		};
		85FBFC4D2673EEE000FF5216 /* Resources */ = {
			isa = PBXResourcesBuildPhase;
			buildActionMask = 2147483647;
			files = (
				85FBFC5E2673EEE100FF5216 /* Preview Assets.xcassets in Resources */,
				85FBFC5B2673EEE100FF5216 /* Assets.xcassets in Resources */,
			);
			runOnlyForDeploymentPostprocessing = 0;
		};
/* End PBXResourcesBuildPhase section */

/* Begin PBXSourcesBuildPhase section */
		85FBFC4B2673EEE000FF5216 /* Sources */ = {
			isa = PBXSourcesBuildPhase;
			buildActionMask = 2147483647;
			files = (
				85FBFC552673EEE000FF5216 /* ContentView.swift in Sources */,
				85FBFC572673EEE000FF5216 /* BLETestApp.swift in Sources */,
				85FBFC6E2673F07900FF5216 /* BLEClass.swift in Sources */,
				85FBFC592673EEE000FF5216 /* ComplicationController.swift in Sources */,
			);
			runOnlyForDeploymentPostprocessing = 0;
		};
/* End PBXSourcesBuildPhase section */

/* Begin PBXTargetDependency section */
		85FBFC462673EEDD00FF5216 /* PBXTargetDependency */ = {
			isa = PBXTargetDependency;
			target = 85FBFC422673EEDD00FF5216 /* BLETest WatchKit App */;
			targetProxy = 85FBFC452673EEDD00FF5216 /* PBXContainerItemProxy */;
		};
		85FBFC522673EEE000FF5216 /* PBXTargetDependency */ = {
			isa = PBXTargetDependency;
			target = 85FBFC4E2673EEE000FF5216 /* BLETest WatchKit Extension */;
			targetProxy = 85FBFC512673EEE000FF5216 /* PBXContainerItemProxy */;
		};
/* End PBXTargetDependency section */

/* Begin XCBuildConfiguration section */
		85FBFC602673EEE100FF5216 /* Debug */ = {
			isa = XCBuildConfiguration;
			buildSettings = {
				ALWAYS_SEARCH_USER_PATHS = NO;
				CLANG_ANALYZER_NONNULL = YES;
				CLANG_ANALYZER_NUMBER_OBJECT_CONVERSION = YES_AGGRESSIVE;
				CLANG_CXX_LANGUAGE_STANDARD = "gnu++14";
				CLANG_CXX_LIBRARY = "libc++";
				CLANG_ENABLE_MODULES = YES;
				CLANG_ENABLE_OBJC_ARC = YES;
				CLANG_ENABLE_OBJC_WEAK = YES;
				CLANG_WARN_BLOCK_CAPTURE_AUTORELEASING = YES;
				CLANG_WARN_BOOL_CONVERSION = YES;
				CLANG_WARN_COMMA = YES;
				CLANG_WARN_CONSTANT_CONVERSION = YES;
				CLANG_WARN_DEPRECATED_OBJC_IMPLEMENTATIONS = YES;
				CLANG_WARN_DIRECT_OBJC_ISA_USAGE = YES_ERROR;
				CLANG_WARN_DOCUMENTATION_COMMENTS = YES;
				CLANG_WARN_EMPTY_BODY = YES;
				CLANG_WARN_ENUM_CONVERSION = YES;
				CLANG_WARN_INFINITE_RECURSION = YES;
				CLANG_WARN_INT_CONVERSION = YES;
				CLANG_WARN_NON_LITERAL_NULL_CONVERSION = YES;
				CLANG_WARN_OBJC_IMPLICIT_RETAIN_SELF = YES;
				CLANG_WARN_OBJC_LITERAL_CONVERSION = YES;
				CLANG_WARN_OBJC_ROOT_CLASS = YES_ERROR;
				CLANG_WARN_QUOTED_INCLUDE_IN_FRAMEWORK_HEADER = YES;
				CLANG_WARN_RANGE_LOOP_ANALYSIS = YES;
				CLANG_WARN_STRICT_PROTOTYPES = YES;
				CLANG_WARN_SUSPICIOUS_MOVE = YES;
				CLANG_WARN_UNGUARDED_AVAILABILITY = YES_AGGRESSIVE;
				CLANG_WARN_UNREACHABLE_CODE = YES;
				CLANG_WARN__DUPLICATE_METHOD_MATCH = YES;
				COPY_PHASE_STRIP = NO;
				DEBUG_INFORMATION_FORMAT = dwarf;
				ENABLE_STRICT_OBJC_MSGSEND = YES;
				ENABLE_TESTABILITY = YES;
				GCC_C_LANGUAGE_STANDARD = gnu11;
				GCC_DYNAMIC_NO_PIC = NO;
				GCC_NO_COMMON_BLOCKS = YES;
				GCC_OPTIMIZATION_LEVEL = 0;
				GCC_PREPROCESSOR_DEFINITIONS = (
					"DEBUG=1",
					"$(inherited)",
				);
				GCC_WARN_64_TO_32_BIT_CONVERSION = YES;
				GCC_WARN_ABOUT_RETURN_TYPE = YES_ERROR;
				GCC_WARN_UNDECLARED_SELECTOR = YES;
				GCC_WARN_UNINITIALIZED_AUTOS = YES_AGGRESSIVE;
				GCC_WARN_UNUSED_FUNCTION = YES;
				GCC_WARN_UNUSED_VARIABLE = YES;
				MTL_ENABLE_DEBUG_INFO = INCLUDE_SOURCE;
				MTL_FAST_MATH = YES;
				ONLY_ACTIVE_ARCH = YES;
				SDKROOT = iphoneos;
				SWIFT_ACTIVE_COMPILATION_CONDITIONS = DEBUG;
				SWIFT_OPTIMIZATION_LEVEL = "-Onone";
			};
			name = Debug;
		};
		85FBFC612673EEE100FF5216 /* Release */ = {
			isa = XCBuildConfiguration;
			buildSettings = {
				ALWAYS_SEARCH_USER_PATHS = NO;
				CLANG_ANALYZER_NONNULL = YES;
				CLANG_ANALYZER_NUMBER_OBJECT_CONVERSION = YES_AGGRESSIVE;
				CLANG_CXX_LANGUAGE_STANDARD = "gnu++14";
				CLANG_CXX_LIBRARY = "libc++";
				CLANG_ENABLE_MODULES = YES;
				CLANG_ENABLE_OBJC_ARC = YES;
				CLANG_ENABLE_OBJC_WEAK = YES;
				CLANG_WARN_BLOCK_CAPTURE_AUTORELEASING = YES;
				CLANG_WARN_BOOL_CONVERSION = YES;
				CLANG_WARN_COMMA = YES;
				CLANG_WARN_CONSTANT_CONVERSION = YES;
				CLANG_WARN_DEPRECATED_OBJC_IMPLEMENTATIONS = YES;
				CLANG_WARN_DIRECT_OBJC_ISA_USAGE = YES_ERROR;
				CLANG_WARN_DOCUMENTATION_COMMENTS = YES;
				CLANG_WARN_EMPTY_BODY = YES;
				CLANG_WARN_ENUM_CONVERSION = YES;
				CLANG_WARN_INFINITE_RECURSION = YES;
				CLANG_WARN_INT_CONVERSION = YES;
				CLANG_WARN_NON_LITERAL_NULL_CONVERSION = YES;
				CLANG_WARN_OBJC_IMPLICIT_RETAIN_SELF = YES;
				CLANG_WARN_OBJC_LITERAL_CONVERSION = YES;
				CLANG_WARN_OBJC_ROOT_CLASS = YES_ERROR;
				CLANG_WARN_QUOTED_INCLUDE_IN_FRAMEWORK_HEADER = YES;
				CLANG_WARN_RANGE_LOOP_ANALYSIS = YES;
				CLANG_WARN_STRICT_PROTOTYPES = YES;
				CLANG_WARN_SUSPICIOUS_MOVE = YES;
				CLANG_WARN_UNGUARDED_AVAILABILITY = YES_AGGRESSIVE;
				CLANG_WARN_UNREACHABLE_CODE = YES;
				CLANG_WARN__DUPLICATE_METHOD_MATCH = YES;
				COPY_PHASE_STRIP = NO;
				DEBUG_INFORMATION_FORMAT = "dwarf-with-dsym";
				ENABLE_NS_ASSERTIONS = NO;
				ENABLE_STRICT_OBJC_MSGSEND = YES;
				GCC_C_LANGUAGE_STANDARD = gnu11;
				GCC_NO_COMMON_BLOCKS = YES;
				GCC_WARN_64_TO_32_BIT_CONVERSION = YES;
				GCC_WARN_ABOUT_RETURN_TYPE = YES_ERROR;
				GCC_WARN_UNDECLARED_SELECTOR = YES;
				GCC_WARN_UNINITIALIZED_AUTOS = YES_AGGRESSIVE;
				GCC_WARN_UNUSED_FUNCTION = YES;
				GCC_WARN_UNUSED_VARIABLE = YES;
				MTL_ENABLE_DEBUG_INFO = NO;
				MTL_FAST_MATH = YES;
				SDKROOT = iphoneos;
				SWIFT_COMPILATION_MODE = wholemodule;
				SWIFT_OPTIMIZATION_LEVEL = "-O";
				VALIDATE_PRODUCT = YES;
			};
			name = Release;
		};
		85FBFC632673EEE100FF5216 /* Debug */ = {
			isa = XCBuildConfiguration;
			buildSettings = {
				ASSETCATALOG_COMPILER_COMPLICATION_NAME = Complication;
				CODE_SIGN_STYLE = Automatic;
				DEVELOPMENT_ASSET_PATHS = "\"BLETest WatchKit Extension/Preview Content\"";
				DEVELOPMENT_TEAM = AM5PREL8LG;
				ENABLE_PREVIEWS = YES;
				INFOPLIST_FILE = "BLETest WatchKit Extension/Info.plist";
				LD_RUNPATH_SEARCH_PATHS = (
					"$(inherited)",
					"@executable_path/Frameworks",
					"@executable_path/../../Frameworks",
				);
				PRODUCT_BUNDLE_IDENTIFIER = scumm.it.BLETest.watchkitapp.watchkitextension;
				PRODUCT_NAME = "${TARGET_NAME}";
				SDKROOT = watchos;
				SKIP_INSTALL = YES;
				SWIFT_VERSION = 5.0;
				TARGETED_DEVICE_FAMILY = 4;
				WATCHOS_DEPLOYMENT_TARGET = 7.4;
			};
			name = Debug;
		};
		85FBFC642673EEE100FF5216 /* Release */ = {
			isa = XCBuildConfiguration;
			buildSettings = {
				ASSETCATALOG_COMPILER_COMPLICATION_NAME = Complication;
				CODE_SIGN_STYLE = Automatic;
				DEVELOPMENT_ASSET_PATHS = "\"BLETest WatchKit Extension/Preview Content\"";
				DEVELOPMENT_TEAM = AM5PREL8LG;
				ENABLE_PREVIEWS = YES;
				INFOPLIST_FILE = "BLETest WatchKit Extension/Info.plist";
				LD_RUNPATH_SEARCH_PATHS = (
					"$(inherited)",
					"@executable_path/Frameworks",
					"@executable_path/../../Frameworks",
				);
				PRODUCT_BUNDLE_IDENTIFIER = scumm.it.BLETest.watchkitapp.watchkitextension;
				PRODUCT_NAME = "${TARGET_NAME}";
				SDKROOT = watchos;
				SKIP_INSTALL = YES;
				SWIFT_VERSION = 5.0;
				TARGETED_DEVICE_FAMILY = 4;
				WATCHOS_DEPLOYMENT_TARGET = 7.4;
			};
			name = Release;
		};
		85FBFC672673EEE100FF5216 /* Debug */ = {
			isa = XCBuildConfiguration;
			buildSettings = {
				ALWAYS_EMBED_SWIFT_STANDARD_LIBRARIES = YES;
				ASSETCATALOG_COMPILER_APPICON_NAME = AppIcon;
				ASSETCATALOG_COMPILER_GLOBAL_ACCENT_COLOR_NAME = AccentColor;
				CODE_SIGN_STYLE = Automatic;
				DEVELOPMENT_TEAM = AM5PREL8LG;
				IBSC_MODULE = BLETest_WatchKit_Extension;
				INFOPLIST_FILE = "BLETest WatchKit App/Info.plist";
				PRODUCT_BUNDLE_IDENTIFIER = scumm.it.BLETest.watchkitapp;
				PRODUCT_NAME = "$(TARGET_NAME)";
				SDKROOT = watchos;
				SKIP_INSTALL = YES;
				SWIFT_VERSION = 5.0;
				TARGETED_DEVICE_FAMILY = 4;
				WATCHOS_DEPLOYMENT_TARGET = 7.4;
			};
			name = Debug;
		};
		85FBFC682673EEE100FF5216 /* Release */ = {
			isa = XCBuildConfiguration;
			buildSettings = {
				ALWAYS_EMBED_SWIFT_STANDARD_LIBRARIES = YES;
				ASSETCATALOG_COMPILER_APPICON_NAME = AppIcon;
				ASSETCATALOG_COMPILER_GLOBAL_ACCENT_COLOR_NAME = AccentColor;
				CODE_SIGN_STYLE = Automatic;
				DEVELOPMENT_TEAM = AM5PREL8LG;
				IBSC_MODULE = BLETest_WatchKit_Extension;
				INFOPLIST_FILE = "BLETest WatchKit App/Info.plist";
				PRODUCT_BUNDLE_IDENTIFIER = scumm.it.BLETest.watchkitapp;
				PRODUCT_NAME = "$(TARGET_NAME)";
				SDKROOT = watchos;
				SKIP_INSTALL = YES;
				SWIFT_VERSION = 5.0;
				TARGETED_DEVICE_FAMILY = 4;
				WATCHOS_DEPLOYMENT_TARGET = 7.4;
			};
			name = Release;
		};
		85FBFC6B2673EEE100FF5216 /* Debug */ = {
			isa = XCBuildConfiguration;
			buildSettings = {
				CODE_SIGN_STYLE = Automatic;
				CURRENT_PROJECT_VERSION = 1;
				DEVELOPMENT_TEAM = AM5PREL8LG;
				MARKETING_VERSION = 1.0;
				PRODUCT_BUNDLE_IDENTIFIER = scumm.it.BLETest;
				PRODUCT_NAME = "$(TARGET_NAME)";
				SWIFT_VERSION = 5.0;
			};
			name = Debug;
		};
		85FBFC6C2673EEE100FF5216 /* Release */ = {
			isa = XCBuildConfiguration;
			buildSettings = {
				CODE_SIGN_STYLE = Automatic;
				CURRENT_PROJECT_VERSION = 1;
				DEVELOPMENT_TEAM = AM5PREL8LG;
				MARKETING_VERSION = 1.0;
				PRODUCT_BUNDLE_IDENTIFIER = scumm.it.BLETest;
				PRODUCT_NAME = "$(TARGET_NAME)";
				SWIFT_VERSION = 5.0;
			};
			name = Release;
		};
/* End XCBuildConfiguration section */

/* Begin XCConfigurationList section */
		85FBFC3C2673EEDD00FF5216 /* Build configuration list for PBXProject "BLETest" */ = {
			isa = XCConfigurationList;
			buildConfigurations = (
				85FBFC602673EEE100FF5216 /* Debug */,
				85FBFC612673EEE100FF5216 /* Release */,
			);
			defaultConfigurationIsVisible = 0;
			defaultConfigurationName = Release;
		};
		85FBFC622673EEE100FF5216 /* Build configuration list for PBXNativeTarget "BLETest WatchKit Extension" */ = {
			isa = XCConfigurationList;
			buildConfigurations = (
				85FBFC632673EEE100FF5216 /* Debug */,
				85FBFC642673EEE100FF5216 /* Release */,
			);
			defaultConfigurationIsVisible = 0;
			defaultConfigurationName = Release;
		};
		85FBFC662673EEE100FF5216 /* Build configuration list for PBXNativeTarget "BLETest WatchKit App" */ = {
			isa = XCConfigurationList;
			buildConfigurations = (
				85FBFC672673EEE100FF5216 /* Debug */,
				85FBFC682673EEE100FF5216 /* Release */,
			);
			defaultConfigurationIsVisible = 0;
			defaultConfigurationName = Release;
		};
		85FBFC6A2673EEE100FF5216 /* Build configuration list for PBXNativeTarget "BLETest" */ = {
			isa = XCConfigurationList;
			buildConfigurations = (
				85FBFC6B2673EEE100FF5216 /* Debug */,
				85FBFC6C2673EEE100FF5216 /* Release */,
			);
			defaultConfigurationIsVisible = 0;
			defaultConfigurationName = Release;
		};
/* End XCConfigurationList section */
	};
	rootObject = 85FBFC392673EEDD00FF5216 /* Project object */;
}
